# This file was autogenerated by Stack.
# You should not edit this file by hand.
# For more information, please see the documentation at:
#   https://docs.haskellstack.org/en/stable/lock_files

packages:
- completed:
    size: 53506
    url: https://github.com/sgraf812/hdis86/archive/98c0aa1647a8dce6c35419e51d31dc5e3583aa25.tar.gz
    cabal-file:
      size: 3790
      sha256: 36a04e5eb328cb9128febe120106d09a6613ddbd7ffbe2bd74c75a934e545c22
    name: hdis86
    version: '0.2'
    sha256: c14b9c49ce86147d81da093c7a717af52fe9e194399f030d7bc852851277a19b
    pantry-tree:
      size: 1975
      sha256: d490ba64ac1736c9a63694b44733bcb5bf5327c06c94d5c90aa7ca5d50eb9947
  original:
    url: https://github.com/sgraf812/hdis86/archive/98c0aa1647a8dce6c35419e51d31dc5e3583aa25.tar.gz
snapshots:
- completed:
    size: 524996
    url: https://raw.githubusercontent.com/commercialhaskell/stackage-snapshots/master/lts/14/27.yaml
    sha256: 7ea31a280c56bf36ff591a7397cc384d0dff622e7f9e4225b47d8980f019a0f0
  original: lts-14.27
