# This file was autogenerated by Stack.
# You should not edit this file by hand.
# For more information, please see the documentation at:
#   https://docs.haskellstack.org/en/stable/lock_files

packages:
- completed:
    size: 53506
    url: https://github.com/sgraf812/hdis86/archive/98c0aa1647a8dce6c35419e51d31dc5e3583aa25.tar.gz
    name: hdis86
    version: '0.2'
    sha256: c14b9c49ce86147d81da093c7a717af52fe9e194399f030d7bc852851277a19b
    pantry-tree:
      size: 1975
      sha256: d490ba64ac1736c9a63694b44733bcb5bf5327c06c94d5c90aa7ca5d50eb9947
  original:
    url: https://github.com/sgraf812/hdis86/archive/98c0aa1647a8dce6c35419e51d31dc5e3583aa25.tar.gz
snapshots:
- completed:
    size: 560077
    url: https://raw.githubusercontent.com/commercialhaskell/stackage-snapshots/master/nightly/2021/1/3.yaml
    sha256: e680d24cd507f8c8659336a3c5d6fd87dc5a132a1eea1e8a053603249a17aa08
  original: nightly-2021-01-03
